
Microsoft Visual Studio Solution File, Format Version 12.00
# Visual Studio 15
VisualStudioVersion = 15.0.28307.1259
MinimumVisualStudioVersion = 10.0.40219.1
Project("{2150E333-8FDC-42A3-9474-1A3956D46DE8}") = "Solution Items", "Solution Items", "{0BDFE21D-5F32-4BDC-82B8-D2AC456E68AC}"
	ProjectSection(SolutionItems) = preProject
		Information.txt = Information.txt
	EndProjectSection
EndProject
Project("{FAE04EC0-301F-11D3-BF4B-00C04F79EFBC}") = "CheckersGUI", "CheckersGUI\CheckersGUI.csproj", "{93C76EEA-1178-48F1-8B16-CAF9D4768960}"
EndProject
Project("{FAE04EC0-301F-11D3-BF4B-00C04F79EFBC}") = "Ex02_checkers", "Ex02_checkers\Ex02_checkers.csproj", "{7D526F86-9B9A-4CEC-B1F8-AD9ED275E428}"
EndProject
Global
	GlobalSection(SolutionConfigurationPlatforms) = preSolution
		Debug|Any CPU = Debug|Any CPU
		Release|Any CPU = Release|Any CPU
	EndGlobalSection
	GlobalSection(ProjectConfigurationPlatforms) = postSolution
		{93C76EEA-1178-48F1-8B16-CAF9D4768960}.Debug|Any CPU.ActiveCfg = Debug|Any CPU
		{93C76EEA-1178-48F1-8B16-CAF9D4768960}.Debug|Any CPU.Build.0 = Debug|Any CPU
		{93C76EEA-1178-48F1-8B16-CAF9D4768960}.Release|Any CPU.ActiveCfg = Release|Any CPU
		{93C76EEA-1178-48F1-8B16-CAF9D4768960}.Release|Any CPU.Build.0 = Release|Any CPU
		{7D526F86-9B9A-4CEC-B1F8-AD9ED275E428}.Debug|Any CPU.ActiveCfg = Debug|Any CPU
		{7D526F86-9B9A-4CEC-B1F8-AD9ED275E428}.Debug|Any CPU.Build.0 = Debug|Any CPU
		{7D526F86-9B9A-4CEC-B1F8-AD9ED275E428}.Release|Any CPU.ActiveCfg = Release|Any CPU
		{7D526F86-9B9A-4CEC-B1F8-AD9ED275E428}.Release|Any CPU.Build.0 = Release|Any CPU
	EndGlobalSection
	GlobalSection(SolutionProperties) = preSolution
		HideSolutionNode = FALSE
	EndGlobalSection
	GlobalSection(ExtensibilityGlobals) = postSolution
		SolutionGuid = {45674C75-298B-43C3-9F23-7F5BEAE30337}
	EndGlobalSection
EndGlobal
